
Microsoft Visual Studio Solution File, Format Version 11.00
# Visual Studio 2010
Project("{FAE04EC0-301F-11D3-BF4B-00C04F79EFBC}") = "ExtForms900", "ExtForms900\ExtForms900.csproj", "{BD63E282-5873-4A69-992E-715AEC2277EC}"
EndProject
Global
	GlobalSection(SolutionConfigurationPlatforms) = preSolution
		Debug|Any CPU = Debug|Any CPU
		Release|Any CPU = Release|Any CPU
	EndGlobalSection
	GlobalSection(ProjectConfigurationPlatforms) = postSolution
		{BD63E282-5873-4A69-992E-715AEC2277EC}.Debug|Any CPU.ActiveCfg = Debug|Any CPU
		{BD63E282-5873-4A69-992E-715AEC2277EC}.Debug|Any CPU.Build.0 = Debug|Any CPU
		{BD63E282-5873-4A69-992E-715AEC2277EC}.Release|Any CPU.ActiveCfg = Release|Any CPU
		{BD63E282-5873-4A69-992E-715AEC2277EC}.Release|Any CPU.Build.0 = Release|Any CPU
	EndGlobalSection
	GlobalSection(SolutionProperties) = preSolution
		HideSolutionNode = FALSE
	EndGlobalSection
EndGlobal
