
Microsoft Visual Studio Solution File, Format Version 11.00
# Visual Studio 2010
Project("{FAE04EC0-301F-11D3-BF4B-00C04F79EFBC}") = "EXTAudit900", "EXAudit900\EXTAudit900.csproj", "{D20A3D56-54E3-453C-8DA1-1D150E396C50}"
EndProject
Global
	GlobalSection(SolutionConfigurationPlatforms) = preSolution
		Debug|Any CPU = Debug|Any CPU
		Release|Any CPU = Release|Any CPU
	EndGlobalSection
	GlobalSection(ProjectConfigurationPlatforms) = postSolution
		{D20A3D56-54E3-453C-8DA1-1D150E396C50}.Debug|Any CPU.ActiveCfg = Debug|Any CPU
		{D20A3D56-54E3-453C-8DA1-1D150E396C50}.Debug|Any CPU.Build.0 = Debug|Any CPU
		{D20A3D56-54E3-453C-8DA1-1D150E396C50}.Release|Any CPU.ActiveCfg = Release|Any CPU
		{D20A3D56-54E3-453C-8DA1-1D150E396C50}.Release|Any CPU.Build.0 = Release|Any CPU
	EndGlobalSection
	GlobalSection(SolutionProperties) = preSolution
		HideSolutionNode = FALSE
	EndGlobalSection
EndGlobal
